
Microsoft Visual Studio Solution File, Format Version 12.00
# Visual Studio Version 17
VisualStudioVersion = 17.10.35013.160
MinimumVisualStudioVersion = 10.0.40219.1
Project("{FAE04EC0-301F-11D3-BF4B-00C04F79EFBC}") = "AnnoCalculator", "AnnoCalculator\AnnoCalculator.csproj", "{85B6FE94-F612-4AB8-9B84-079ADCF900B7}"
EndProject
Global
	GlobalSection(SolutionConfigurationPlatforms) = preSolution
		Debug|Any CPU = Debug|Any CPU
		Release|Any CPU = Release|Any CPU
	EndGlobalSection
	GlobalSection(ProjectConfigurationPlatforms) = postSolution
		{85B6FE94-F612-4AB8-9B84-079ADCF900B7}.Debug|Any CPU.ActiveCfg = Debug|Any CPU
		{85B6FE94-F612-4AB8-9B84-079ADCF900B7}.Debug|Any CPU.Build.0 = Debug|Any CPU
		{85B6FE94-F612-4AB8-9B84-079ADCF900B7}.Release|Any CPU.ActiveCfg = Release|Any CPU
		{85B6FE94-F612-4AB8-9B84-079ADCF900B7}.Release|Any CPU.Build.0 = Release|Any CPU
	EndGlobalSection
	GlobalSection(SolutionProperties) = preSolution
		HideSolutionNode = FALSE
	EndGlobalSection
	GlobalSection(ExtensibilityGlobals) = postSolution
		SolutionGuid = {C73068A5-FA6C-4B50-BD06-6B2D020244B0}
	EndGlobalSection
EndGlobal
